// !$*UTF8*$!
{
	archiveVersion = 1;
	classes = {
	};
	objectVersion = 77;
	objects = {

/* Begin PBXBuildFile section */
		3E0DDA1514D6DD4920907482 /* DeenWidget/DeenWidgetBundle.swift in Sources */ = {isa = PBXBuildFile; fileRef = 3E8F1FE1E0269241AE8B091B /* DeenWidget/DeenWidgetBundle.swift */; };
		3E4EF7E92227704433A2F982 /* DeenWidget/PrayerTimesWidget.swift in Sources */ = {isa = PBXBuildFile; fileRef = 3EFEB3457B183D45C0B15952 /* DeenWidget/PrayerTimesWidget.swift */; };
		3E711C8FFB099645218FE479 /* DeenWidget/AyahWidget.swift in Sources */ = {isa = PBXBuildFile; fileRef = 3EACE24F6C731A48AE8E7072 /* DeenWidget/AyahWidget.swift */; };
		3E749362E9664340ECA30281 /* Deen+/PrayerTimes.swift in Sources */ = {isa = PBXBuildFile; fileRef = 3E8E26D82AD2AF45A8903DB1 /* Deen+/PrayerTimes.swift */; };
		3EA1977FA8C88546F9A3DD22 /* Deen+/Views/PrayerLiveActivityWidget.swift in Sources */ = {isa = PBXBuildFile; fileRef = 3E37D8D4A5DDDE4BAC87A1BF /* Deen+/Views/PrayerLiveActivityWidget.swift */; };
		3EA8D185DD639A4A6F926D3E /* Deen+/Models/PrayerActivityAttributes.swift in Sources */ = {isa = PBXBuildFile; fileRef = 3E6874676085814507BC3A06 /* Deen+/Models/PrayerActivityAttributes.swift */; };
		3ECF48B6A4E0BC4D71A6AA7D /* Deen+/Managers/PrayTimes.swift in Sources */ = {isa = PBXBuildFile; fileRef = 3E9FFDE2AC801E4ADF99DB87 /* Deen+/Managers/PrayTimes.swift */; };
		3EDBA02C30113A630042325D /* adhan.caf in Resources */ = {isa = PBXBuildFile; fileRef = 3EDBA02B30113A630042325D /* adhan.caf */; };
		3EDBA03C30113A630042325D /* adhan_takbeer.caf in Resources */ = {isa = PBXBuildFile; fileRef = 3EDBA03B30113A630042325D /* adhan_takbeer.caf */; };
		3EDBA04B3011632B0042325D /* KFGQPC Uthmanic Script HAFS Regular.otf in Resources */ = {isa = PBXBuildFile; fileRef = 3EDBA04A3011632B0042325D /* KFGQPC Uthmanic Script HAFS Regular.otf */; };
		3EE1F1EE96A355496B94F5A4 /* DeenWidget.appex in Embed App Extensions */ = {isa = PBXBuildFile; fileRef = 3E0B527AA2B68F42BF8E7E8C /* DeenWidget.appex */; settings = {ATTRIBUTES = (RemoveHeadersOnCopy, ); }; };
/* End PBXBuildFile section */

/* Begin PBXContainerItemProxy section */
		3E1428124AE08245F7BAC945 /* PBXContainerItemProxy */ = {
			isa = PBXContainerItemProxy;
			containerPortal = 3E7504033009DC0100875DDF /* Project object */;
			proxyType = 1;
			remoteGlobalIDString = 3EE19779882F5D452DAACE3A;
			remoteInfo = DeenWidget;
		};
/* End PBXContainerItemProxy section */

/* Begin PBXCopyFilesBuildPhase section */
		3EC016A410302B4FD78E9849 /* Embed App Extensions */ = {
			isa = PBXCopyFilesBuildPhase;
			buildActionMask = 2147483647;
			dstPath = "";
			dstSubfolderSpec = 13;
			files = (
				3EE1F1EE96A355496B94F5A4 /* DeenWidget.appex in Embed App Extensions */,
			);
			name = "Embed App Extensions";
			runOnlyForDeploymentPostprocessing = 0;
		};
/* End PBXCopyFilesBuildPhase section */

/* Begin PBXFileReference section */
		3E0B527AA2B68F42BF8E7E8C /* DeenWidget.appex */ = {isa = PBXFileReference; explicitFileType = "wrapper.app-extension"; includeInIndex = 0; path = DeenWidget.appex; sourceTree = BUILT_PRODUCTS_DIR; };
		3E134D73300D793500EAFBD4 /* Deen--Info.plist */ = {isa = PBXFileReference; lastKnownFileType = text.plist.xml; path = "Deen--Info.plist"; sourceTree = "<group>"; };
		3E37D8D4A5DDDE4BAC87A1BF /* Deen+/Views/PrayerLiveActivityWidget.swift */ = {isa = PBXFileReference; lastKnownFileType = sourcecode.swift; path = "Deen+/Views/PrayerLiveActivityWidget.swift"; sourceTree = "<group>"; };
		3E6874676085814507BC3A06 /* Deen+/Models/PrayerActivityAttributes.swift */ = {isa = PBXFileReference; lastKnownFileType = sourcecode.swift; path = "Deen+/Models/PrayerActivityAttributes.swift"; sourceTree = "<group>"; };
		3E75040B3009DC0100875DDF /* Deen.app */ = {isa = PBXFileReference; explicitFileType = wrapper.application; includeInIndex = 0; path = Deen.app; sourceTree = BUILT_PRODUCTS_DIR; };
		3E8E26D82AD2AF45A8903DB1 /* Deen+/PrayerTimes.swift */ = {isa = PBXFileReference; lastKnownFileType = sourcecode.swift; path = "Deen+/PrayerTimes.swift"; sourceTree = "<group>"; };
		3E8F1FE1E0269241AE8B091B /* DeenWidget/DeenWidgetBundle.swift */ = {isa = PBXFileReference; lastKnownFileType = sourcecode.swift; path = DeenWidget/DeenWidgetBundle.swift; sourceTree = "<group>"; };
		3E9FFDE2AC801E4ADF99DB87 /* Deen+/Managers/PrayTimes.swift */ = {isa = PBXFileReference; lastKnownFileType = sourcecode.swift; path = "Deen+/Managers/PrayTimes.swift"; sourceTree = "<group>"; };
		3EACE24F6C731A48AE8E7072 /* DeenWidget/AyahWidget.swift */ = {isa = PBXFileReference; lastKnownFileType = sourcecode.swift; path = DeenWidget/AyahWidget.swift; sourceTree = "<group>"; };
		3EDBA02B30113A630042325D /* adhan.caf */ = {isa = PBXFileReference; lastKnownFileType = file; path = adhan.caf; sourceTree = "<group>"; };
		3EDBA03B30113A630042325D /* adhan_takbeer.caf */ = {isa = PBXFileReference; lastKnownFileType = file; path = adhan_takbeer.caf; sourceTree = "<group>"; };
		3EDBA04A3011632B0042325D /* KFGQPC Uthmanic Script HAFS Regular.otf */ = {isa = PBXFileReference; lastKnownFileType = file; path = "KFGQPC Uthmanic Script HAFS Regular.otf"; sourceTree = "<group>"; };
		3EFEB3457B183D45C0B15952 /* DeenWidget/PrayerTimesWidget.swift */ = {isa = PBXFileReference; lastKnownFileType = sourcecode.swift; path = DeenWidget/PrayerTimesWidget.swift; sourceTree = "<group>"; };
/* End PBXFileReference section */

/* Begin PBXFileSystemSynchronizedRootGroup section */
		3EDBA014300FE82C0042325D /* Deen+ */ = {
			isa = PBXFileSystemSynchronizedRootGroup;
			path = "Deen+";
			sourceTree = "<group>";
		};
/* End PBXFileSystemSynchronizedRootGroup section */

/* Begin PBXFrameworksBuildPhase section */
		3E44B7FA52E65D4E79AFE8E1 /* Frameworks */ = {
			isa = PBXFrameworksBuildPhase;
			buildActionMask = 2147483647;
			files = (
			);
			runOnlyForDeploymentPostprocessing = 0;
		};
		3E7504083009DC0100875DDF /* Frameworks */ = {
			isa = PBXFrameworksBuildPhase;
			buildActionMask = 2147483647;
			files = (
			);
			runOnlyForDeploymentPostprocessing = 0;
		};
/* End PBXFrameworksBuildPhase section */

/* Begin PBXGroup section */
		3E7504023009DC0100875DDF = {
			isa = PBXGroup;
			children = (
				3E75040C3009DC0100875DDF /* Products */,
				3EDBA014300FE82C0042325D /* Deen+ */,
				3EE72728305F1CF400CBD4DE /* Recovered References */,
			);
			sourceTree = "<group>";
		};
		3E75040C3009DC0100875DDF /* Products */ = {
			isa = PBXGroup;
			children = (
				3E0B527AA2B68F42BF8E7E8C /* DeenWidget.appex */,
				3E75040B3009DC0100875DDF /* Deen.app */,
				3E134D73300D793500EAFBD4 /* Deen--Info.plist */,
				3EDBA04A3011632B0042325D /* KFGQPC Uthmanic Script HAFS Regular.otf */,
				3EDBA02B30113A630042325D /* adhan.caf */,
				3EDBA03B30113A630042325D /* adhan_takbeer.caf */,
			);
			name = Products;
			sourceTree = "<group>";
		};
		3EE72728305F1CF400CBD4DE /* Recovered References */ = {
			isa = PBXGroup;
			children = (
				3E8F1FE1E0269241AE8B091B /* DeenWidget/DeenWidgetBundle.swift */,
				3EFEB3457B183D45C0B15952 /* DeenWidget/PrayerTimesWidget.swift */,
				3EACE24F6C731A48AE8E7072 /* DeenWidget/AyahWidget.swift */,
				3E37D8D4A5DDDE4BAC87A1BF /* Deen+/Views/PrayerLiveActivityWidget.swift */,
				3E6874676085814507BC3A06 /* Deen+/Models/PrayerActivityAttributes.swift */,
				3E9FFDE2AC801E4ADF99DB87 /* Deen+/Managers/PrayTimes.swift */,
				3E8E26D82AD2AF45A8903DB1 /* Deen+/PrayerTimes.swift */,
			);
			name = "Recovered References";
			sourceTree = "<group>";
		};
/* End PBXGroup section */

/* Begin PBXNativeTarget section */
		3E75040A3009DC0100875DDF /* Deen+ */ = {
			isa = PBXNativeTarget;
			buildConfigurationList = 3E7504163009DC0200875DDF /* Build configuration list for PBXNativeTarget "Deen+" */;
			buildPhases = (
				3EC016A410302B4FD78E9849 /* Embed App Extensions */,
				3E7504073009DC0100875DDF /* Sources */,
				3E7504083009DC0100875DDF /* Frameworks */,
				3E7504093009DC0100875DDF /* Resources */,
			);
			buildRules = (
			);
			dependencies = (
				3E8BE8008FF275490BA1A10C /* PBXTargetDependency */,
			);
			fileSystemSynchronizedGroups = (
				3EDBA014300FE82C0042325D /* Deen+ */,
			);
			name = "Deen+";
			packageProductDependencies = (
			);
			productName = "Deen+";
			productReference = 3E75040B3009DC0100875DDF /* Deen.app */;
			productType = "com.apple.product-type.application";
		};
		3EE19779882F5D452DAACE3A /* DeenWidget */ = {
			isa = PBXNativeTarget;
			buildConfigurationList = 3E58E1A0B4EDE74F5E9E2D2D /* Build configuration list for PBXNativeTarget "DeenWidget" */;
			buildPhases = (
				3E05D17170D9ED44F89AFA16 /* Sources */,
				3E44B7FA52E65D4E79AFE8E1 /* Frameworks */,
				3E9DE2713FACB0404EA83088 /* Resources */,
			);
			buildRules = (
			);
			dependencies = (
			);
			name = DeenWidget;
			productName = DeenWidget;
			productReference = 3E0B527AA2B68F42BF8E7E8C /* DeenWidget.appex */;
			productType = "com.apple.product-type.app-extension";
		};
/* End PBXNativeTarget section */

/* Begin PBXProject section */
		3E7504033009DC0100875DDF /* Project object */ = {
			isa = PBXProject;
			attributes = {
				BuildIndependentTargetsInParallel = 1;
				LastSwiftUpdateCheck = 2660;
				LastUpgradeCheck = 2710;
				TargetAttributes = {
					3E75040A3009DC0100875DDF = {
						CreatedOnToolsVersion = 26.6;
					};
					3EE19779882F5D452DAACE3A = {
						CreatedOnToolsVersion = 26.6;
					};
				};
			};
			buildConfigurationList = 3E7504063009DC0100875DDF /* Build configuration list for PBXProject "Deen+" */;
			developmentRegion = en;
			hasScannedForEncodings = 0;
			knownRegions = (
				en,
			);
			mainGroup = 3E7504023009DC0100875DDF;
			minimizedProjectReferenceProxies = 1;
			preferredProjectObjectVersion = 77;
			productRefGroup = 3E75040C3009DC0100875DDF /* Products */;
			projectDirPath = "";
			projectRoot = "";
			targets = (
				3E75040A3009DC0100875DDF /* Deen+ */,
				3EE19779882F5D452DAACE3A /* DeenWidget */,
			);
		};
/* End PBXProject section */

/* Begin PBXResourcesBuildPhase section */
		3E7504093009DC0100875DDF /* Resources */ = {
			isa = PBXResourcesBuildPhase;
			buildActionMask = 2147483647;
			files = (
				3EDBA04B3011632B0042325D /* KFGQPC Uthmanic Script HAFS Regular.otf in Resources */,
				3EDBA02C30113A630042325D /* adhan.caf in Resources */,
				3EDBA03C30113A630042325D /* adhan_takbeer.caf in Resources */,
			);
			runOnlyForDeploymentPostprocessing = 0;
		};
		3E9DE2713FACB0404EA83088 /* Resources */ = {
			isa = PBXResourcesBuildPhase;
			buildActionMask = 2147483647;
			files = (
			);
			runOnlyForDeploymentPostprocessing = 0;
		};
/* End PBXResourcesBuildPhase section */

/* Begin PBXSourcesBuildPhase section */
		3E05D17170D9ED44F89AFA16 /* Sources */ = {
			isa = PBXSourcesBuildPhase;
			buildActionMask = 2147483647;
			files = (
				3E0DDA1514D6DD4920907482 /* DeenWidget/DeenWidgetBundle.swift in Sources */,
				3E4EF7E92227704433A2F982 /* DeenWidget/PrayerTimesWidget.swift in Sources */,
				3E711C8FFB099645218FE479 /* DeenWidget/AyahWidget.swift in Sources */,
				3EA1977FA8C88546F9A3DD22 /* Deen+/Views/PrayerLiveActivityWidget.swift in Sources */,
				3EA8D185DD639A4A6F926D3E /* Deen+/Models/PrayerActivityAttributes.swift in Sources */,
				3ECF48B6A4E0BC4D71A6AA7D /* Deen+/Managers/PrayTimes.swift in Sources */,
				3E749362E9664340ECA30281 /* Deen+/PrayerTimes.swift in Sources */,
			);
			runOnlyForDeploymentPostprocessing = 0;
		};
		3E7504073009DC0100875DDF /* Sources */ = {
			isa = PBXSourcesBuildPhase;
			buildActionMask = 2147483647;
			files = (
			);
			runOnlyForDeploymentPostprocessing = 0;
		};
/* End PBXSourcesBuildPhase section */

/* Begin PBXTargetDependency section */
		3E8BE8008FF275490BA1A10C /* PBXTargetDependency */ = {
			isa = PBXTargetDependency;
			target = 3EE19779882F5D452DAACE3A /* DeenWidget */;
			targetProxy = 3E1428124AE08245F7BAC945 /* PBXContainerItemProxy */;
		};
/* End PBXTargetDependency section */

/* Begin XCBuildConfiguration section */
		3E1617C804C32347AF8D9570 /* Debug */ = {
			isa = XCBuildConfiguration;
			buildSettings = {
				CODE_SIGN_STYLE = Automatic;
				CURRENT_PROJECT_VERSION = 15;
				GENERATE_INFOPLIST_FILE = NO;
				INFOPLIST_FILE = "DeenWidget/DeenWidget-Info.plist";
				INFOPLIST_KEY_CFBundleDisplayName = "Deen+ Widgets";
				INFOPLIST_KEY_NSHumanReadableCopyright = "";
				IPHONEOS_DEPLOYMENT_TARGET = 17.0;
				LD_RUNPATH_SEARCH_PATHS = (
					"$(inherited)",
					"@executable_path/Frameworks",
					"@executable_path/../../Frameworks",
				);
				MARKETING_VERSION = 1.0;
				PRODUCT_BUNDLE_IDENTIFIER = com.reyber.Deen.DeenWidget;
				PRODUCT_NAME = "$(TARGET_NAME)";
				SKIP_INSTALL = YES;
				SWIFT_EMIT_LOC_STRINGS = YES;
				SWIFT_VERSION = 5.0;
				TARGETED_DEVICE_FAMILY = "1,2";
			};
			name = Debug;
		};
		3E7504143009DC0200875DDF /* Debug */ = {
			isa = XCBuildConfiguration;
			buildSettings = {
				ALWAYS_SEARCH_USER_PATHS = NO;
				ASSETCATALOG_COMPILER_GENERATE_SWIFT_ASSET_SYMBOL_EXTENSIONS = YES;
				CLANG_ANALYZER_NONNULL = YES;
				CLANG_ANALYZER_NUMBER_OBJECT_CONVERSION = YES_AGGRESSIVE;
				CLANG_CXX_LANGUAGE_STANDARD = "gnu++20";
				CLANG_ENABLE_MODULES = YES;
				CLANG_ENABLE_OBJC_ARC = YES;
				CLANG_ENABLE_OBJC_WEAK = YES;
				CLANG_WARN_BLOCK_CAPTURE_AUTORELEASING = YES;
				CLANG_WARN_BOOL_CONVERSION = YES;
				CLANG_WARN_COMMA = YES;
				CLANG_WARN_CONSTANT_CONVERSION = YES;
				CLANG_WARN_DEPRECATED_OBJC_IMPLEMENTATIONS = YES;
				CLANG_WARN_DIRECT_OBJC_ISA_USAGE = YES_ERROR;
				CLANG_WARN_DOCUMENTATION_COMMENTS = YES;
				CLANG_WARN_EMPTY_BODY = YES;
				CLANG_WARN_ENUM_CONVERSION = YES;
				CLANG_WARN_INFINITE_RECURSION = YES;
				CLANG_WARN_INT_CONVERSION = YES;
				CLANG_WARN_NON_LITERAL_NULL_CONVERSION = YES;
				CLANG_WARN_OBJC_IMPLICIT_RETAIN_SELF = YES;
				CLANG_WARN_OBJC_LITERAL_CONVERSION = YES;
				CLANG_WARN_OBJC_ROOT_CLASS = YES_ERROR;
				CLANG_WARN_QUOTED_INCLUDE_IN_FRAMEWORK_HEADER = YES;
				CLANG_WARN_RANGE_LOOP_ANALYSIS = YES;
				CLANG_WARN_STRICT_PROTOTYPES = YES;
				CLANG_WARN_SUSPICIOUS_MOVE = YES;
				CLANG_WARN_UNGUARDED_AVAILABILITY = YES_AGGRESSIVE;
				CLANG_WARN_UNREACHABLE_CODE = YES;
				CLANG_WARN__DUPLICATE_METHOD_MATCH = YES;
				COPY_PHASE_STRIP = NO;
				DEBUG_INFORMATION_FORMAT = dwarf;
				DEVELOPMENT_TEAM = D74384M94C;
				ENABLE_STRICT_OBJC_MSGSEND = YES;
				ENABLE_TESTABILITY = YES;
				ENABLE_USER_SCRIPT_SANDBOXING = YES;
				GCC_C_LANGUAGE_STANDARD = gnu17;
				GCC_DYNAMIC_NO_PIC = NO;
				GCC_NO_COMMON_BLOCKS = YES;
				GCC_OPTIMIZATION_LEVEL = 0;
				GCC_PREPROCESSOR_DEFINITIONS = (
					"DEBUG=1",
					"$(inherited)",
				);
				GCC_WARN_64_TO_32_BIT_CONVERSION = YES;
				GCC_WARN_ABOUT_RETURN_TYPE = YES_ERROR;
				GCC_WARN_UNDECLARED_SELECTOR = YES;
				GCC_WARN_UNINITIALIZED_AUTOS = YES_AGGRESSIVE;
				GCC_WARN_UNUSED_FUNCTION = YES;
				GCC_WARN_UNUSED_VARIABLE = YES;
				IPHONEOS_DEPLOYMENT_TARGET = 26.5;
				LOCALIZATION_PREFERS_STRING_CATALOGS = YES;
				MTL_ENABLE_DEBUG_INFO = INCLUDE_SOURCE;
				MTL_FAST_MATH = YES;
				ONLY_ACTIVE_ARCH = YES;
				SDKROOT = iphoneos;
				STRING_CATALOG_GENERATE_SYMBOLS = YES;
				SWIFT_ACTIVE_COMPILATION_CONDITIONS = "DEBUG $(inherited)";
				SWIFT_OPTIMIZATION_LEVEL = "-Onone";
			};
			name = Debug;
		};
		3E7504153009DC0200875DDF /* Release */ = {
			isa = XCBuildConfiguration;
			buildSettings = {
				ALWAYS_SEARCH_USER_PATHS = NO;
				ASSETCATALOG_COMPILER_GENERATE_SWIFT_ASSET_SYMBOL_EXTENSIONS = YES;
				CLANG_ANALYZER_NONNULL = YES;
				CLANG_ANALYZER_NUMBER_OBJECT_CONVERSION = YES_AGGRESSIVE;
				CLANG_CXX_LANGUAGE_STANDARD = "gnu++20";
				CLANG_ENABLE_MODULES = YES;
				CLANG_ENABLE_OBJC_ARC = YES;
				CLANG_ENABLE_OBJC_WEAK = YES;
				CLANG_WARN_BLOCK_CAPTURE_AUTORELEASING = YES;
				CLANG_WARN_BOOL_CONVERSION = YES;
				CLANG_WARN_COMMA = YES;
				CLANG_WARN_CONSTANT_CONVERSION = YES;
				CLANG_WARN_DEPRECATED_OBJC_IMPLEMENTATIONS = YES;
				CLANG_WARN_DIRECT_OBJC_ISA_USAGE = YES_ERROR;
				CLANG_WARN_DOCUMENTATION_COMMENTS = YES;
				CLANG_WARN_EMPTY_BODY = YES;
				CLANG_WARN_ENUM_CONVERSION = YES;
				CLANG_WARN_INFINITE_RECURSION = YES;
				CLANG_WARN_INT_CONVERSION = YES;
				CLANG_WARN_NON_LITERAL_NULL_CONVERSION = YES;
				CLANG_WARN_OBJC_IMPLICIT_RETAIN_SELF = YES;
				CLANG_WARN_OBJC_LITERAL_CONVERSION = YES;
				CLANG_WARN_OBJC_ROOT_CLASS = YES_ERROR;
				CLANG_WARN_QUOTED_INCLUDE_IN_FRAMEWORK_HEADER = YES;
				CLANG_WARN_RANGE_LOOP_ANALYSIS = YES;
				CLANG_WARN_STRICT_PROTOTYPES = YES;
				CLANG_WARN_SUSPICIOUS_MOVE = YES;
				CLANG_WARN_UNGUARDED_AVAILABILITY = YES_AGGRESSIVE;
				CLANG_WARN_UNREACHABLE_CODE = YES;
				CLANG_WARN__DUPLICATE_METHOD_MATCH = YES;
				COPY_PHASE_STRIP = NO;
				DEBUG_INFORMATION_FORMAT = "dwarf-with-dsym";
				DEVELOPMENT_TEAM = D74384M94C;
				ENABLE_NS_ASSERTIONS = NO;
				ENABLE_STRICT_OBJC_MSGSEND = YES;
				ENABLE_USER_SCRIPT_SANDBOXING = YES;
				GCC_C_LANGUAGE_STANDARD = gnu17;
				GCC_NO_COMMON_BLOCKS = YES;
				GCC_WARN_64_TO_32_BIT_CONVERSION = YES;
				GCC_WARN_ABOUT_RETURN_TYPE = YES_ERROR;
				GCC_WARN_UNDECLARED_SELECTOR = YES;
				GCC_WARN_UNINITIALIZED_AUTOS = YES_AGGRESSIVE;
				GCC_WARN_UNUSED_FUNCTION = YES;
				GCC_WARN_UNUSED_VARIABLE = YES;
				IPHONEOS_DEPLOYMENT_TARGET = 26.5;
				LOCALIZATION_PREFERS_STRING_CATALOGS = YES;
				MTL_ENABLE_DEBUG_INFO = NO;
				MTL_FAST_MATH = YES;
				SDKROOT = iphoneos;
				STRING_CATALOG_GENERATE_SYMBOLS = YES;
				SWIFT_COMPILATION_MODE = wholemodule;
				VALIDATE_PRODUCT = YES;
			};
			name = Release;
		};
		3E7504173009DC0200875DDF /* Debug */ = {
			isa = XCBuildConfiguration;
			buildSettings = {
				ASSETCATALOG_COMPILER_ALTERNATE_APPICON_NAMES = "AppIconOriginal AppIconMidnight AppIconTeal AppIconNavy AppIconGold AppIconMonochrome AppIconCrimson";
				ASSETCATALOG_COMPILER_APPICON_NAME = AppIcon;
				ASSETCATALOG_COMPILER_GLOBAL_ACCENT_COLOR_NAME = AccentColor;
				ASSETCATALOG_COMPILER_INCLUDE_ALL_APPICON_ASSETS = YES;
				CODE_SIGN_STYLE = Automatic;
				CURRENT_PROJECT_VERSION = 15;
				ENABLE_PREVIEWS = YES;
				GENERATE_INFOPLIST_FILE = YES;
				INFOPLIST_FILE = "Deen--Info.plist";
				INFOPLIST_KEY_CFBundleDisplayName = "Deen+";
				INFOPLIST_KEY_ITSAppUsesNonExemptEncryption = NO;
				INFOPLIST_KEY_NSLocationWhenInUseUsageDescription = "Deen+ uses your location to calculate accurate prayer times and determine the Qibla direction.";
				INFOPLIST_KEY_NSSupportsLiveActivities = YES;
				INFOPLIST_KEY_UIApplicationSceneManifest_Generation = YES;
				INFOPLIST_KEY_UIApplicationSupportsIndirectInputEvents = YES;
				INFOPLIST_KEY_UISupportedInterfaceOrientations_iPad = "UIInterfaceOrientationPortrait UIInterfaceOrientationPortraitUpsideDown UIInterfaceOrientationLandscapeLeft UIInterfaceOrientationLandscapeRight";
				INFOPLIST_KEY_UISupportedInterfaceOrientations_iPhone = "UIInterfaceOrientationPortrait UIInterfaceOrientationLandscapeLeft UIInterfaceOrientationLandscapeRight";
				IPHONEOS_DEPLOYMENT_TARGET = "$(RECOMMENDED_IPHONEOS_DEPLOYMENT_TARGET)";
				LD_RUNPATH_SEARCH_PATHS = (
					"$(inherited)",
					"@executable_path/Frameworks",
				);
				MARKETING_VERSION = 1.2.0;
				PRODUCT_BUNDLE_IDENTIFIER = com.reyber.Deen;
				PRODUCT_NAME = Deen;
				STRING_CATALOG_GENERATE_SYMBOLS = YES;
				SWIFT_APPROACHABLE_CONCURRENCY = YES;
				SWIFT_DEFAULT_ACTOR_ISOLATION = MainActor;
				SWIFT_EMIT_LOC_STRINGS = YES;
				SWIFT_UPCOMING_FEATURE_MEMBER_IMPORT_VISIBILITY = YES;
				SWIFT_VERSION = 5.0;
				TARGETED_DEVICE_FAMILY = "1,2";
			};
			name = Debug;
		};
		3E7504183009DC0200875DDF /* Release */ = {
			isa = XCBuildConfiguration;
			buildSettings = {
				ASSETCATALOG_COMPILER_ALTERNATE_APPICON_NAMES = "AppIconOriginal AppIconMidnight AppIconTeal AppIconNavy AppIconGold AppIconMonochrome AppIconCrimson";
				ASSETCATALOG_COMPILER_APPICON_NAME = AppIcon;
				ASSETCATALOG_COMPILER_GLOBAL_ACCENT_COLOR_NAME = AccentColor;
				ASSETCATALOG_COMPILER_INCLUDE_ALL_APPICON_ASSETS = YES;
				CODE_SIGN_STYLE = Automatic;
				CURRENT_PROJECT_VERSION = 15;
				ENABLE_PREVIEWS = YES;
				GENERATE_INFOPLIST_FILE = YES;
				INFOPLIST_FILE = "Deen--Info.plist";
				INFOPLIST_KEY_CFBundleDisplayName = "Deen+";
				INFOPLIST_KEY_ITSAppUsesNonExemptEncryption = NO;
				INFOPLIST_KEY_NSLocationWhenInUseUsageDescription = "Deen+ uses your location to calculate accurate prayer times and determine the Qibla direction.";
				INFOPLIST_KEY_NSSupportsLiveActivities = YES;
				INFOPLIST_KEY_UIApplicationSceneManifest_Generation = YES;
				INFOPLIST_KEY_UIApplicationSupportsIndirectInputEvents = YES;
				INFOPLIST_KEY_UISupportedInterfaceOrientations_iPad = "UIInterfaceOrientationPortrait UIInterfaceOrientationPortraitUpsideDown UIInterfaceOrientationLandscapeLeft UIInterfaceOrientationLandscapeRight";
				INFOPLIST_KEY_UISupportedInterfaceOrientations_iPhone = "UIInterfaceOrientationPortrait UIInterfaceOrientationLandscapeLeft UIInterfaceOrientationLandscapeRight";
				IPHONEOS_DEPLOYMENT_TARGET = "$(RECOMMENDED_IPHONEOS_DEPLOYMENT_TARGET)";
				LD_RUNPATH_SEARCH_PATHS = (
					"$(inherited)",
					"@executable_path/Frameworks",
				);
				MARKETING_VERSION = 1.2.0;
				PRODUCT_BUNDLE_IDENTIFIER = com.reyber.Deen;
				PRODUCT_NAME = Deen;
				STRING_CATALOG_GENERATE_SYMBOLS = YES;
				SWIFT_APPROACHABLE_CONCURRENCY = YES;
				SWIFT_DEFAULT_ACTOR_ISOLATION = MainActor;
				SWIFT_EMIT_LOC_STRINGS = YES;
				SWIFT_UPCOMING_FEATURE_MEMBER_IMPORT_VISIBILITY = YES;
				SWIFT_VERSION = 5.0;
				TARGETED_DEVICE_FAMILY = "1,2";
			};
			name = Release;
		};
		3EEBA097C5A8854A9FA79D64 /* Release */ = {
			isa = XCBuildConfiguration;
			buildSettings = {
				CODE_SIGN_STYLE = Automatic;
				CURRENT_PROJECT_VERSION = 15;
				GENERATE_INFOPLIST_FILE = NO;
				INFOPLIST_FILE = "DeenWidget/DeenWidget-Info.plist";
				INFOPLIST_KEY_CFBundleDisplayName = "Deen+ Widgets";
				INFOPLIST_KEY_NSHumanReadableCopyright = "";
				IPHONEOS_DEPLOYMENT_TARGET = 17.0;
				LD_RUNPATH_SEARCH_PATHS = (
					"$(inherited)",
					"@executable_path/Frameworks",
					"@executable_path/../../Frameworks",
				);
				MARKETING_VERSION = 1.0;
				PRODUCT_BUNDLE_IDENTIFIER = com.reyber.Deen.DeenWidget;
				PRODUCT_NAME = "$(TARGET_NAME)";
				SKIP_INSTALL = YES;
				SWIFT_EMIT_LOC_STRINGS = YES;
				SWIFT_VERSION = 5.0;
				TARGETED_DEVICE_FAMILY = "1,2";
			};
			name = Release;
		};
/* End XCBuildConfiguration section */

/* Begin XCConfigurationList section */
		3E58E1A0B4EDE74F5E9E2D2D /* Build configuration list for PBXNativeTarget "DeenWidget" */ = {
			isa = XCConfigurationList;
			buildConfigurations = (
				3E1617C804C32347AF8D9570 /* Debug */,
				3EEBA097C5A8854A9FA79D64 /* Release */,
			);
			defaultConfigurationIsVisible = 0;
			defaultConfigurationName = Release;
		};
		3E7504063009DC0100875DDF /* Build configuration list for PBXProject "Deen+" */ = {
			isa = XCConfigurationList;
			buildConfigurations = (
				3E7504143009DC0200875DDF /* Debug */,
				3E7504153009DC0200875DDF /* Release */,
			);
			defaultConfigurationIsVisible = 0;
			defaultConfigurationName = Release;
		};
		3E7504163009DC0200875DDF /* Build configuration list for PBXNativeTarget "Deen+" */ = {
			isa = XCConfigurationList;
			buildConfigurations = (
				3E7504173009DC0200875DDF /* Debug */,
				3E7504183009DC0200875DDF /* Release */,
			);
			defaultConfigurationIsVisible = 0;
			defaultConfigurationName = Release;
		};
/* End XCConfigurationList section */
	};
	rootObject = 3E7504033009DC0100875DDF /* Project object */;
}
